// !$*UTF8*$!
{
	archiveVersion = 1;
	classes = {
	};
	objectVersion = 56;
	objects = {

/* Begin PBXBuildFile section */
		009469602BCC20CC0083A41D /* Assets.xcassets in Resources */ = {isa = PBXBuildFile; fileRef = 0094695F2BCC20CC0083A41D /* Assets.xcassets */; };
		009469632BCC20CC0083A41D /* Preview Assets.xcassets in Resources */ = {isa = PBXBuildFile; fileRef = 009469622BCC20CC0083A41D /* Preview Assets.xcassets */; };
		0094696D2BCC21250083A41D /* GatewayApp.swift in Sources */ = {isa = PBXBuildFile; fileRef = 0094696C2BCC21250083A41D /* GatewayApp.swift */; };
		009469762BCC34E50083A41D /* GatewayXPC.swift in Sources */ = {isa = PBXBuildFile; fileRef = 009469752BCC34E50083A41D /* GatewayXPC.swift */; };
		009469782BCC34E50083A41D /* GatewayXPCProtocol.swift in Sources */ = {isa = PBXBuildFile; fileRef = 009469772BCC34E50083A41D /* GatewayXPCProtocol.swift */; };
		0094697A2BCC34E50083A41D /* main.swift in Sources */ = {isa = PBXBuildFile; fileRef = 009469792BCC34E50083A41D /* main.swift */; };
		0094697F2BCC34E50083A41D /* GatewayXPC.xpc in Embed XPC Services */ = {isa = PBXBuildFile; fileRef = 009469732BCC34E50083A41D /* GatewayXPC.xpc */; settings = {ATTRIBUTES = (RemoveHeadersOnCopy, ); }; };
		009469852BCC55D40083A41D /* Standard.swift in Sources */ = {isa = PBXBuildFile; fileRef = 009469842BCC55D40083A41D /* Standard.swift */; };
		009469862BCC55D40083A41D /* Standard.swift in Sources */ = {isa = PBXBuildFile; fileRef = 009469842BCC55D40083A41D /* Standard.swift */; };
/* End PBXBuildFile section */

/* Begin PBXContainerItemProxy section */
		0094697D2BCC34E50083A41D /* PBXContainerItemProxy */ = {
			isa = PBXContainerItemProxy;
			containerPortal = 009469502BCC20C60083A41D /* Project object */;
			proxyType = 1;
			remoteGlobalIDString = 009469722BCC34E50083A41D;
			remoteInfo = GatewayXPC;
		};
/* End PBXContainerItemProxy section */

/* Begin PBXCopyFilesBuildPhase section */
		009469832BCC34E50083A41D /* Embed XPC Services */ = {
			isa = PBXCopyFilesBuildPhase;
			buildActionMask = 2147483647;
			dstPath = "$(CONTENTS_FOLDER_PATH)/XPCServices";
			dstSubfolderSpec = 16;
			files = (
				0094697F2BCC34E50083A41D /* GatewayXPC.xpc in Embed XPC Services */,
			);
			name = "Embed XPC Services";
			runOnlyForDeploymentPostprocessing = 0;
		};
/* End PBXCopyFilesBuildPhase section */

/* Begin PBXFileReference section */
		009469582BCC20C60083A41D /* Gateway.app */ = {isa = PBXFileReference; explicitFileType = wrapper.application; includeInIndex = 0; path = Gateway.app; sourceTree = BUILT_PRODUCTS_DIR; };
		0094695F2BCC20CC0083A41D /* Assets.xcassets */ = {isa = PBXFileReference; lastKnownFileType = folder.assetcatalog; path = Assets.xcassets; sourceTree = "<group>"; };
		009469622BCC20CC0083A41D /* Preview Assets.xcassets */ = {isa = PBXFileReference; lastKnownFileType = folder.assetcatalog; path = "Preview Assets.xcassets"; sourceTree = "<group>"; };
		009469642BCC20CC0083A41D /* Gateway.entitlements */ = {isa = PBXFileReference; lastKnownFileType = text.plist.entitlements; path = Gateway.entitlements; sourceTree = "<group>"; };
		0094696C2BCC21250083A41D /* GatewayApp.swift */ = {isa = PBXFileReference; lastKnownFileType = sourcecode.swift; path = GatewayApp.swift; sourceTree = "<group>"; };
		0094696E2BCC236D0083A41D /* Info.plist */ = {isa = PBXFileReference; lastKnownFileType = text.plist; path = Info.plist; sourceTree = "<group>"; };
		009469732BCC34E50083A41D /* GatewayXPC.xpc */ = {isa = PBXFileReference; explicitFileType = "wrapper.xpc-service"; includeInIndex = 0; path = GatewayXPC.xpc; sourceTree = BUILT_PRODUCTS_DIR; };
		009469752BCC34E50083A41D /* GatewayXPC.swift */ = {isa = PBXFileReference; lastKnownFileType = sourcecode.swift; path = GatewayXPC.swift; sourceTree = "<group>"; };
		009469772BCC34E50083A41D /* GatewayXPCProtocol.swift */ = {isa = PBXFileReference; lastKnownFileType = sourcecode.swift; path = GatewayXPCProtocol.swift; sourceTree = "<group>"; };
		009469792BCC34E50083A41D /* main.swift */ = {isa = PBXFileReference; lastKnownFileType = sourcecode.swift; path = main.swift; sourceTree = "<group>"; };
		0094697B2BCC34E50083A41D /* Info.plist */ = {isa = PBXFileReference; lastKnownFileType = text.plist.xml; path = Info.plist; sourceTree = "<group>"; };
		0094697C2BCC34E50083A41D /* GatewayXPC.entitlements */ = {isa = PBXFileReference; lastKnownFileType = text.plist.entitlements; path = GatewayXPC.entitlements; sourceTree = "<group>"; };
		009469842BCC55D40083A41D /* Standard.swift */ = {isa = PBXFileReference; lastKnownFileType = sourcecode.swift; path = Standard.swift; sourceTree = "<group>"; };
		009469882BCC5AD30083A41D /* README.md */ = {isa = PBXFileReference; lastKnownFileType = net.daringfireball.markdown; path = README.md; sourceTree = "<group>"; };
		009469892BCC5C260083A41D /* LICENSE */ = {isa = PBXFileReference; lastKnownFileType = text; path = LICENSE; sourceTree = "<group>"; };
/* End PBXFileReference section */

/* Begin PBXFrameworksBuildPhase section */
		009469552BCC20C60083A41D /* Frameworks */ = {
			isa = PBXFrameworksBuildPhase;
			buildActionMask = 2147483647;
			files = (
			);
			runOnlyForDeploymentPostprocessing = 0;
		};
		009469702BCC34E50083A41D /* Frameworks */ = {
			isa = PBXFrameworksBuildPhase;
			buildActionMask = 2147483647;
			files = (
			);
			runOnlyForDeploymentPostprocessing = 0;
		};
/* End PBXFrameworksBuildPhase section */

/* Begin PBXGroup section */
		0094694F2BCC20C60083A41D = {
			isa = PBXGroup;
			children = (
				009469882BCC5AD30083A41D /* README.md */,
				009469892BCC5C260083A41D /* LICENSE */,
				009469872BCC5AB60083A41D /* Shared */,
				0094695A2BCC20C60083A41D /* Gateway */,
				009469742BCC34E50083A41D /* GatewayXPC */,
				009469592BCC20C60083A41D /* Products */,
			);
			sourceTree = "<group>";
		};
		009469592BCC20C60083A41D /* Products */ = {
			isa = PBXGroup;
			children = (
				009469582BCC20C60083A41D /* Gateway.app */,
				009469732BCC34E50083A41D /* GatewayXPC.xpc */,
			);
			name = Products;
			sourceTree = "<group>";
		};
		0094695A2BCC20C60083A41D /* Gateway */ = {
			isa = PBXGroup;
			children = (
				0094696C2BCC21250083A41D /* GatewayApp.swift */,
				0094696E2BCC236D0083A41D /* Info.plist */,
				0094695F2BCC20CC0083A41D /* Assets.xcassets */,
				009469642BCC20CC0083A41D /* Gateway.entitlements */,
				009469612BCC20CC0083A41D /* Preview Content */,
			);
			path = Gateway;
			sourceTree = "<group>";
		};
		009469612BCC20CC0083A41D /* Preview Content */ = {
			isa = PBXGroup;
			children = (
				009469622BCC20CC0083A41D /* Preview Assets.xcassets */,
			);
			path = "Preview Content";
			sourceTree = "<group>";
		};
		009469742BCC34E50083A41D /* GatewayXPC */ = {
			isa = PBXGroup;
			children = (
				009469792BCC34E50083A41D /* main.swift */,
				009469752BCC34E50083A41D /* GatewayXPC.swift */,
				009469772BCC34E50083A41D /* GatewayXPCProtocol.swift */,
				0094697B2BCC34E50083A41D /* Info.plist */,
				0094697C2BCC34E50083A41D /* GatewayXPC.entitlements */,
			);
			path = GatewayXPC;
			sourceTree = "<group>";
		};
		009469872BCC5AB60083A41D /* Shared */ = {
			isa = PBXGroup;
			children = (
				009469842BCC55D40083A41D /* Standard.swift */,
			);
			path = Shared;
			sourceTree = "<group>";
		};
/* End PBXGroup section */

/* Begin PBXNativeTarget section */
		009469572BCC20C60083A41D /* Gateway */ = {
			isa = PBXNativeTarget;
			buildConfigurationList = 009469672BCC20CC0083A41D /* Build configuration list for PBXNativeTarget "Gateway" */;
			buildPhases = (
				009469542BCC20C60083A41D /* Sources */,
				009469552BCC20C60083A41D /* Frameworks */,
				009469562BCC20C60083A41D /* Resources */,
				009469832BCC34E50083A41D /* Embed XPC Services */,
			);
			buildRules = (
			);
			dependencies = (
				0094697E2BCC34E50083A41D /* PBXTargetDependency */,
			);
			name = Gateway;
			productName = Gateway;
			productReference = 009469582BCC20C60083A41D /* Gateway.app */;
			productType = "com.apple.product-type.application";
		};
		009469722BCC34E50083A41D /* GatewayXPC */ = {
			isa = PBXNativeTarget;
			buildConfigurationList = 009469802BCC34E50083A41D /* Build configuration list for PBXNativeTarget "GatewayXPC" */;
			buildPhases = (
				0094696F2BCC34E50083A41D /* Sources */,
				009469702BCC34E50083A41D /* Frameworks */,
				009469712BCC34E50083A41D /* Resources */,
			);
			buildRules = (
			);
			dependencies = (
			);
			name = GatewayXPC;
			productName = GatewayXPC;
			productReference = 009469732BCC34E50083A41D /* GatewayXPC.xpc */;
			productType = "com.apple.product-type.xpc-service";
		};
/* End PBXNativeTarget section */

/* Begin PBXProject section */
		009469502BCC20C60083A41D /* Project object */ = {
			isa = PBXProject;
			attributes = {
				BuildIndependentTargetsInParallel = 1;
				LastSwiftUpdateCheck = 1530;
				LastUpgradeCheck = 1530;
				TargetAttributes = {
					009469572BCC20C60083A41D = {
						CreatedOnToolsVersion = 15.3;
						LastSwiftMigration = 1530;
					};
					009469722BCC34E50083A41D = {
						CreatedOnToolsVersion = 15.3;
					};
				};
			};
			buildConfigurationList = 009469532BCC20C60083A41D /* Build configuration list for PBXProject "Gateway" */;
			compatibilityVersion = "Xcode 14.0";
			developmentRegion = en;
			hasScannedForEncodings = 0;
			knownRegions = (
				en,
				Base,
			);
			mainGroup = 0094694F2BCC20C60083A41D;
			productRefGroup = 009469592BCC20C60083A41D /* Products */;
			projectDirPath = "";
			projectRoot = "";
			targets = (
				009469572BCC20C60083A41D /* Gateway */,
				009469722BCC34E50083A41D /* GatewayXPC */,
			);
		};
/* End PBXProject section */

/* Begin PBXResourcesBuildPhase section */
		009469562BCC20C60083A41D /* Resources */ = {
			isa = PBXResourcesBuildPhase;
			buildActionMask = 2147483647;
			files = (
				009469632BCC20CC0083A41D /* Preview Assets.xcassets in Resources */,
				009469602BCC20CC0083A41D /* Assets.xcassets in Resources */,
			);
			runOnlyForDeploymentPostprocessing = 0;
		};
		009469712BCC34E50083A41D /* Resources */ = {
			isa = PBXResourcesBuildPhase;
			buildActionMask = 2147483647;
			files = (
			);
			runOnlyForDeploymentPostprocessing = 0;
		};
/* End PBXResourcesBuildPhase section */

/* Begin PBXSourcesBuildPhase section */
		009469542BCC20C60083A41D /* Sources */ = {
			isa = PBXSourcesBuildPhase;
			buildActionMask = 2147483647;
			files = (
				009469852BCC55D40083A41D /* Standard.swift in Sources */,
				0094696D2BCC21250083A41D /* GatewayApp.swift in Sources */,
			);
			runOnlyForDeploymentPostprocessing = 0;
		};
		0094696F2BCC34E50083A41D /* Sources */ = {
			isa = PBXSourcesBuildPhase;
			buildActionMask = 2147483647;
			files = (
				009469782BCC34E50083A41D /* GatewayXPCProtocol.swift in Sources */,
				009469762BCC34E50083A41D /* GatewayXPC.swift in Sources */,
				009469862BCC55D40083A41D /* Standard.swift in Sources */,
				0094697A2BCC34E50083A41D /* main.swift in Sources */,
			);
			runOnlyForDeploymentPostprocessing = 0;
		};
/* End PBXSourcesBuildPhase section */

/* Begin PBXTargetDependency section */
		0094697E2BCC34E50083A41D /* PBXTargetDependency */ = {
			isa = PBXTargetDependency;
			target = 009469722BCC34E50083A41D /* GatewayXPC */;
			targetProxy = 0094697D2BCC34E50083A41D /* PBXContainerItemProxy */;
		};
/* End PBXTargetDependency section */

/* Begin XCBuildConfiguration section */
		009469652BCC20CC0083A41D /* Debug */ = {
			isa = XCBuildConfiguration;
			buildSettings = {
				ALWAYS_SEARCH_USER_PATHS = NO;
				ASSETCATALOG_COMPILER_GENERATE_SWIFT_ASSET_SYMBOL_EXTENSIONS = YES;
				CLANG_ANALYZER_NONNULL = YES;
				CLANG_ANALYZER_NUMBER_OBJECT_CONVERSION = YES_AGGRESSIVE;
				CLANG_CXX_LANGUAGE_STANDARD = "gnu++20";
				CLANG_ENABLE_MODULES = YES;
				CLANG_ENABLE_OBJC_ARC = YES;
				CLANG_ENABLE_OBJC_WEAK = YES;
				CLANG_WARN_BLOCK_CAPTURE_AUTORELEASING = YES;
				CLANG_WARN_BOOL_CONVERSION = YES;
				CLANG_WARN_COMMA = YES;
				CLANG_WARN_CONSTANT_CONVERSION = YES;
				CLANG_WARN_DEPRECATED_OBJC_IMPLEMENTATIONS = YES;
				CLANG_WARN_DIRECT_OBJC_ISA_USAGE = YES_ERROR;
				CLANG_WARN_DOCUMENTATION_COMMENTS = YES;
				CLANG_WARN_EMPTY_BODY = YES;
				CLANG_WARN_ENUM_CONVERSION = YES;
				CLANG_WARN_INFINITE_RECURSION = YES;
				CLANG_WARN_INT_CONVERSION = YES;
				CLANG_WARN_NON_LITERAL_NULL_CONVERSION = YES;
				CLANG_WARN_OBJC_IMPLICIT_RETAIN_SELF = YES;
				CLANG_WARN_OBJC_LITERAL_CONVERSION = YES;
				CLANG_WARN_OBJC_ROOT_CLASS = YES_ERROR;
				CLANG_WARN_QUOTED_INCLUDE_IN_FRAMEWORK_HEADER = YES;
				CLANG_WARN_RANGE_LOOP_ANALYSIS = YES;
				CLANG_WARN_STRICT_PROTOTYPES = YES;
				CLANG_WARN_SUSPICIOUS_MOVE = YES;
				CLANG_WARN_UNGUARDED_AVAILABILITY = YES_AGGRESSIVE;
				CLANG_WARN_UNREACHABLE_CODE = YES;
				CLANG_WARN__DUPLICATE_METHOD_MATCH = YES;
				COPY_PHASE_STRIP = NO;
				DEBUG_INFORMATION_FORMAT = dwarf;
				ENABLE_STRICT_OBJC_MSGSEND = YES;
				ENABLE_TESTABILITY = YES;
				ENABLE_USER_SCRIPT_SANDBOXING = YES;
				GCC_C_LANGUAGE_STANDARD = gnu17;
				GCC_DYNAMIC_NO_PIC = NO;
				GCC_NO_COMMON_BLOCKS = YES;
				GCC_OPTIMIZATION_LEVEL = 0;
				GCC_PREPROCESSOR_DEFINITIONS = (
					"DEBUG=1",
					"$(inherited)",
				);
				GCC_WARN_64_TO_32_BIT_CONVERSION = YES;
				GCC_WARN_ABOUT_RETURN_TYPE = YES_ERROR;
				GCC_WARN_UNDECLARED_SELECTOR = YES;
				GCC_WARN_UNINITIALIZED_AUTOS = YES_AGGRESSIVE;
				GCC_WARN_UNUSED_FUNCTION = YES;
				GCC_WARN_UNUSED_VARIABLE = YES;
				LOCALIZATION_PREFERS_STRING_CATALOGS = YES;
				MACOSX_DEPLOYMENT_TARGET = 13.0;
				MTL_ENABLE_DEBUG_INFO = INCLUDE_SOURCE;
				MTL_FAST_MATH = YES;
				ONLY_ACTIVE_ARCH = YES;
				SDKROOT = macosx;
				SWIFT_ACTIVE_COMPILATION_CONDITIONS = "DEBUG $(inherited)";
				SWIFT_OPTIMIZATION_LEVEL = "-Onone";
			};
			name = Debug;
		};
		009469662BCC20CC0083A41D /* Release */ = {
			isa = XCBuildConfiguration;
			buildSettings = {
				ALWAYS_SEARCH_USER_PATHS = NO;
				ASSETCATALOG_COMPILER_GENERATE_SWIFT_ASSET_SYMBOL_EXTENSIONS = YES;
				CLANG_ANALYZER_NONNULL = YES;
				CLANG_ANALYZER_NUMBER_OBJECT_CONVERSION = YES_AGGRESSIVE;
				CLANG_CXX_LANGUAGE_STANDARD = "gnu++20";
				CLANG_ENABLE_MODULES = YES;
				CLANG_ENABLE_OBJC_ARC = YES;
				CLANG_ENABLE_OBJC_WEAK = YES;
				CLANG_WARN_BLOCK_CAPTURE_AUTORELEASING = YES;
				CLANG_WARN_BOOL_CONVERSION = YES;
				CLANG_WARN_COMMA = YES;
				CLANG_WARN_CONSTANT_CONVERSION = YES;
				CLANG_WARN_DEPRECATED_OBJC_IMPLEMENTATIONS = YES;
				CLANG_WARN_DIRECT_OBJC_ISA_USAGE = YES_ERROR;
				CLANG_WARN_DOCUMENTATION_COMMENTS = YES;
				CLANG_WARN_EMPTY_BODY = YES;
				CLANG_WARN_ENUM_CONVERSION = YES;
				CLANG_WARN_INFINITE_RECURSION = YES;
				CLANG_WARN_INT_CONVERSION = YES;
				CLANG_WARN_NON_LITERAL_NULL_CONVERSION = YES;
				CLANG_WARN_OBJC_IMPLICIT_RETAIN_SELF = YES;
				CLANG_WARN_OBJC_LITERAL_CONVERSION = YES;
				CLANG_WARN_OBJC_ROOT_CLASS = YES_ERROR;
				CLANG_WARN_QUOTED_INCLUDE_IN_FRAMEWORK_HEADER = YES;
				CLANG_WARN_RANGE_LOOP_ANALYSIS = YES;
				CLANG_WARN_STRICT_PROTOTYPES = YES;
				CLANG_WARN_SUSPICIOUS_MOVE = YES;
				CLANG_WARN_UNGUARDED_AVAILABILITY = YES_AGGRESSIVE;
				CLANG_WARN_UNREACHABLE_CODE = YES;
				CLANG_WARN__DUPLICATE_METHOD_MATCH = YES;
				COPY_PHASE_STRIP = NO;
				DEBUG_INFORMATION_FORMAT = "dwarf-with-dsym";
				ENABLE_NS_ASSERTIONS = NO;
				ENABLE_STRICT_OBJC_MSGSEND = YES;
				ENABLE_USER_SCRIPT_SANDBOXING = YES;
				GCC_C_LANGUAGE_STANDARD = gnu17;
				GCC_NO_COMMON_BLOCKS = YES;
				GCC_WARN_64_TO_32_BIT_CONVERSION = YES;
				GCC_WARN_ABOUT_RETURN_TYPE = YES_ERROR;
				GCC_WARN_UNDECLARED_SELECTOR = YES;
				GCC_WARN_UNINITIALIZED_AUTOS = YES_AGGRESSIVE;
				GCC_WARN_UNUSED_FUNCTION = YES;
				GCC_WARN_UNUSED_VARIABLE = YES;
				LOCALIZATION_PREFERS_STRING_CATALOGS = YES;
				MACOSX_DEPLOYMENT_TARGET = 13.0;
				MTL_ENABLE_DEBUG_INFO = NO;
				MTL_FAST_MATH = YES;
				SDKROOT = macosx;
				SWIFT_COMPILATION_MODE = wholemodule;
			};
			name = Release;
		};
		009469682BCC20CC0083A41D /* Debug */ = {
			isa = XCBuildConfiguration;
			buildSettings = {
				ALWAYS_EMBED_SWIFT_STANDARD_LIBRARIES = YES;
				ASSETCATALOG_COMPILER_APPICON_NAME = AppIcon;
				ASSETCATALOG_COMPILER_GLOBAL_ACCENT_COLOR_NAME = AccentColor;
				CLANG_ENABLE_MODULES = YES;
				CODE_SIGN_ENTITLEMENTS = Gateway/Gateway.entitlements;
				CODE_SIGN_STYLE = Automatic;
				COMBINE_HIDPI_IMAGES = YES;
				CURRENT_PROJECT_VERSION = 1;
				DEVELOPMENT_ASSET_PATHS = "\"Gateway/Preview Content\"";
				DEVELOPMENT_TEAM = UYJ357XWK6;
				ENABLE_HARDENED_RUNTIME = YES;
				ENABLE_PREVIEWS = YES;
				GENERATE_INFOPLIST_FILE = YES;
				INFOPLIST_FILE = Gateway/Info.plist;
				INFOPLIST_KEY_LSUIElement = NO;
				INFOPLIST_KEY_NSHumanReadableCopyright = "";
				LD_RUNPATH_SEARCH_PATHS = (
					"$(inherited)",
					"@executable_path/../Frameworks",
				);
				MACOSX_DEPLOYMENT_TARGET = 13.0;
				MARKETING_VERSION = 1.0;
				PRODUCT_BUNDLE_IDENTIFIER = com.kyleerhabor.Gateway;
				PRODUCT_NAME = "$(TARGET_NAME)";
				SWIFT_EMIT_LOC_STRINGS = YES;
				SWIFT_OPTIMIZATION_LEVEL = "-Onone";
				SWIFT_VERSION = 5.0;
			};
			name = Debug;
		};
		009469692BCC20CC0083A41D /* Release */ = {
			isa = XCBuildConfiguration;
			buildSettings = {
				ALWAYS_EMBED_SWIFT_STANDARD_LIBRARIES = YES;
				ASSETCATALOG_COMPILER_APPICON_NAME = AppIcon;
				ASSETCATALOG_COMPILER_GLOBAL_ACCENT_COLOR_NAME = AccentColor;
				CLANG_ENABLE_MODULES = YES;
				CODE_SIGN_ENTITLEMENTS = Gateway/Gateway.entitlements;
				CODE_SIGN_STYLE = Automatic;
				COMBINE_HIDPI_IMAGES = YES;
				CURRENT_PROJECT_VERSION = 1;
				DEVELOPMENT_ASSET_PATHS = "\"Gateway/Preview Content\"";
				DEVELOPMENT_TEAM = UYJ357XWK6;
				ENABLE_HARDENED_RUNTIME = YES;
				ENABLE_PREVIEWS = YES;
				GENERATE_INFOPLIST_FILE = YES;
				INFOPLIST_FILE = Gateway/Info.plist;
				INFOPLIST_KEY_LSUIElement = YES;
				INFOPLIST_KEY_NSHumanReadableCopyright = "";
				LD_RUNPATH_SEARCH_PATHS = (
					"$(inherited)",
					"@executable_path/../Frameworks",
				);
				MACOSX_DEPLOYMENT_TARGET = 13.0;
				MARKETING_VERSION = 1.0;
				PRODUCT_BUNDLE_IDENTIFIER = com.kyleerhabor.Gateway;
				PRODUCT_NAME = "$(TARGET_NAME)";
				SWIFT_EMIT_LOC_STRINGS = YES;
				SWIFT_VERSION = 5.0;
			};
			name = Release;
		};
		009469812BCC34E50083A41D /* Debug */ = {
			isa = XCBuildConfiguration;
			buildSettings = {
				CODE_SIGN_ENTITLEMENTS = GatewayXPC/GatewayXPC.entitlements;
				CODE_SIGN_STYLE = Automatic;
				COMBINE_HIDPI_IMAGES = YES;
				CURRENT_PROJECT_VERSION = 1;
				DEVELOPMENT_TEAM = UYJ357XWK6;
				ENABLE_HARDENED_RUNTIME = YES;
				GENERATE_INFOPLIST_FILE = YES;
				INFOPLIST_FILE = GatewayXPC/Info.plist;
				INFOPLIST_KEY_CFBundleDisplayName = GatewayXPC;
				INFOPLIST_KEY_NSHumanReadableCopyright = "";
				MACOSX_DEPLOYMENT_TARGET = 13.0;
				MARKETING_VERSION = 1.0;
				PRODUCT_BUNDLE_IDENTIFIER = com.kyleerhabor.GatewayXPC;
				PRODUCT_NAME = "$(TARGET_NAME)";
				SKIP_INSTALL = YES;
				SWIFT_EMIT_LOC_STRINGS = YES;
				SWIFT_VERSION = 5.0;
			};
			name = Debug;
		};
		009469822BCC34E50083A41D /* Release */ = {
			isa = XCBuildConfiguration;
			buildSettings = {
				CODE_SIGN_ENTITLEMENTS = GatewayXPC/GatewayXPC.entitlements;
				CODE_SIGN_STYLE = Automatic;
				COMBINE_HIDPI_IMAGES = YES;
				CURRENT_PROJECT_VERSION = 1;
				DEVELOPMENT_TEAM = UYJ357XWK6;
				ENABLE_HARDENED_RUNTIME = YES;
				GENERATE_INFOPLIST_FILE = YES;
				INFOPLIST_FILE = GatewayXPC/Info.plist;
				INFOPLIST_KEY_CFBundleDisplayName = GatewayXPC;
				INFOPLIST_KEY_NSHumanReadableCopyright = "";
				MACOSX_DEPLOYMENT_TARGET = 13.0;
				MARKETING_VERSION = 1.0;
				PRODUCT_BUNDLE_IDENTIFIER = com.kyleerhabor.GatewayXPC;
				PRODUCT_NAME = "$(TARGET_NAME)";
				SKIP_INSTALL = YES;
				SWIFT_EMIT_LOC_STRINGS = YES;
				SWIFT_VERSION = 5.0;
			};
			name = Release;
		};
/* End XCBuildConfiguration section */

/* Begin XCConfigurationList section */
		009469532BCC20C60083A41D /* Build configuration list for PBXProject "Gateway" */ = {
			isa = XCConfigurationList;
			buildConfigurations = (
				009469652BCC20CC0083A41D /* Debug */,
				009469662BCC20CC0083A41D /* Release */,
			);
			defaultConfigurationIsVisible = 0;
			defaultConfigurationName = Release;
		};
		009469672BCC20CC0083A41D /* Build configuration list for PBXNativeTarget "Gateway" */ = {
			isa = XCConfigurationList;
			buildConfigurations = (
				009469682BCC20CC0083A41D /* Debug */,
				009469692BCC20CC0083A41D /* Release */,
			);
			defaultConfigurationIsVisible = 0;
			defaultConfigurationName = Release;
		};
		009469802BCC34E50083A41D /* Build configuration list for PBXNativeTarget "GatewayXPC" */ = {
			isa = XCConfigurationList;
			buildConfigurations = (
				009469812BCC34E50083A41D /* Debug */,
				009469822BCC34E50083A41D /* Release */,
			);
			defaultConfigurationIsVisible = 0;
			defaultConfigurationName = Release;
		};
/* End XCConfigurationList section */
	};
	rootObject = 009469502BCC20C60083A41D /* Project object */;
}
